
Microsoft Visual Studio Solution File, Format Version 12.00
# Visual Studio 2013
VisualStudioVersion = 12.0.30501.0
MinimumVisualStudioVersion = 10.0.40219.1
Project("{FAE04EC0-301F-11D3-BF4B-00C04F79EFBC}") = "MottoBeneApps.GoHome", "MottoBeneApps.GoHome\MottoBeneApps.GoHome.csproj", "{3287E0B8-AEE8-44A4-A874-11EF42B5A93A}"
EndProject
Project("{FAE04EC0-301F-11D3-BF4B-00C04F79EFBC}") = "MottoBeneApps.GoHome.DataModels", "MottoBeneApps.GoHome.DataModels\MottoBeneApps.GoHome.DataModels.csproj", "{EF6B8330-C5F4-4FEC-ABC9-8E7095286745}"
EndProject
Project("{FAE04EC0-301F-11D3-BF4B-00C04F79EFBC}") = "MottoBeneApps.GoHome.DataModels.SQLite", "MottoBeneApps.GoHome.DataModels.SQLite\MottoBeneApps.GoHome.DataModels.SQLite.csproj", "{71984F56-6E20-41F5-B101-17D2447BA924}"
EndProject
Global
	GlobalSection(SolutionConfigurationPlatforms) = preSolution
		Debug|Any CPU = Debug|Any CPU
		Release|Any CPU = Release|Any CPU
	EndGlobalSection
	GlobalSection(ProjectConfigurationPlatforms) = postSolution
		{3287E0B8-AEE8-44A4-A874-11EF42B5A93A}.Debug|Any CPU.ActiveCfg = Debug|Any CPU
		{3287E0B8-AEE8-44A4-A874-11EF42B5A93A}.Debug|Any CPU.Build.0 = Debug|Any CPU
		{3287E0B8-AEE8-44A4-A874-11EF42B5A93A}.Release|Any CPU.ActiveCfg = Release|Any CPU
		{3287E0B8-AEE8-44A4-A874-11EF42B5A93A}.Release|Any CPU.Build.0 = Release|Any CPU
		{EF6B8330-C5F4-4FEC-ABC9-8E7095286745}.Debug|Any CPU.ActiveCfg = Debug|Any CPU
		{EF6B8330-C5F4-4FEC-ABC9-8E7095286745}.Debug|Any CPU.Build.0 = Debug|Any CPU
		{EF6B8330-C5F4-4FEC-ABC9-8E7095286745}.Release|Any CPU.ActiveCfg = Release|Any CPU
		{EF6B8330-C5F4-4FEC-ABC9-8E7095286745}.Release|Any CPU.Build.0 = Release|Any CPU
		{71984F56-6E20-41F5-B101-17D2447BA924}.Debug|Any CPU.ActiveCfg = Debug|Any CPU
		{71984F56-6E20-41F5-B101-17D2447BA924}.Debug|Any CPU.Build.0 = Debug|Any CPU
		{71984F56-6E20-41F5-B101-17D2447BA924}.Release|Any CPU.ActiveCfg = Release|Any CPU
		{71984F56-6E20-41F5-B101-17D2447BA924}.Release|Any CPU.Build.0 = Release|Any CPU
	EndGlobalSection
	GlobalSection(SolutionProperties) = preSolution
		HideSolutionNode = FALSE
	EndGlobalSection
EndGlobal
